<?xml version="1.0" encoding="UTF-8" standalone="yes" ?>
<CodeBlocks_project_file>
	<FileVersion major="1" minor="6" />
	<Project>
		<Option title="knot_hatests" />
		<Option pch_mode="2" />
		<Option compiler="gfortran" />
		<Build>
			<Target title="Debug">
				<Option output="bin/Debug/knot_hatests" prefix_auto="1" extension_auto="1" />
				<Option object_output="obj/Debug/" />
				<Option type="1" />
				<Option compiler="gfortran" />
				<Compiler>
					<Add option="-g" />
				</Compiler>
			</Target>
			<Target title="Release">
				<Option output="bin/Release/knot_hatests" prefix_auto="1" extension_auto="1" />
				<Option object_output="obj/Release/" />
				<Option type="1" />
				<Option compiler="gfortran" />
				<Compiler>
					<Add option="-O2" />
				</Compiler>
				<Linker>
					<Add option="-s" />
				</Linker>
			</Target>
		</Build>
		<Compiler>
			<Add option="-Wall" />
		</Compiler>
		<Unit filename="../../bspline_kinds_module.f90">
			<Option weight="0" />
		</Unit>
		<Unit filename="../../bspline_module.f90">
			<Option weight="3" />
		</Unit>
		<Unit filename="../../bspline_oo_module.f90">
			<Option weight="2" />
		</Unit>
		<Unit filename="../../bspline_sub_module.f90">
			<Option weight="1" />
		</Unit>
		<Unit filename="../pyplot-fortran/src/pyplot_module.f90">
			<Option weight="0" />
		</Unit>
		<Unit filename="main.f95">
			<Option weight="4" />
		</Unit>
		<Extensions>
			<code_completion />
			<envvars />
			<debugger />
		</Extensions>
	</Project>
</CodeBlocks_project_file>
